// !$*UTF8*$!
{
	archiveVersion = 1;
	classes = {
	};
	objectVersion = 46;
	objects = {

/* Begin PBXBuildFile section */
		A7FE91FA1C94D9C7009A6322 /* AppDelegate.swift in Sources */ = {isa = PBXBuildFile; fileRef = A7FE91F91C94D9C7009A6322 /* AppDelegate.swift */; };
		A7FE91FC1C94D9C7009A6322 /* ViewController.swift in Sources */ = {isa = PBXBuildFile; fileRef = A7FE91FB1C94D9C7009A6322 /* ViewController.swift */; };
		A7FE91FF1C94D9C7009A6322 /* Main.storyboard in Resources */ = {isa = PBXBuildFile; fileRef = A7FE91FD1C94D9C7009A6322 /* Main.storyboard */; };
		A7FE92011C94D9C7009A6322 /* Assets.xcassets in Resources */ = {isa = PBXBuildFile; fileRef = A7FE92001C94D9C7009A6322 /* Assets.xcassets */; };
		A7FE92041C94D9C7009A6322 /* LaunchScreen.storyboard in Resources */ = {isa = PBXBuildFile; fileRef = A7FE92021C94D9C7009A6322 /* LaunchScreen.storyboard */; };
		A7FE920C1C94DA07009A6322 /* Datos.swift in Sources */ = {isa = PBXBuildFile; fileRef = A7FE920B1C94DA07009A6322 /* Datos.swift */; };
		A7FE920E1C978C8E009A6322 /* Colores.swift in Sources */ = {isa = PBXBuildFile; fileRef = A7FE920D1C978C8E009A6322 /* Colores.swift */; };
/* End PBXBuildFile section */

/* Begin PBXFileReference section */
		A7FE91F61C94D9C7009A6322 /* HamburguesasEnElMundo.app */ = {isa = PBXFileReference; explicitFileType = wrapper.application; includeInIndex = 0; path = HamburguesasEnElMundo.app; sourceTree = BUILT_PRODUCTS_DIR; };
		A7FE91F91C94D9C7009A6322 /* AppDelegate.swift */ = {isa = PBXFileReference; lastKnownFileType = sourcecode.swift; path = AppDelegate.swift; sourceTree = "<group>"; };
		A7FE91FB1C94D9C7009A6322 /* ViewController.swift */ = {isa = PBXFileReference; lastKnownFileType = sourcecode.swift; path = ViewController.swift; sourceTree = "<group>"; };
		A7FE91FE1C94D9C7009A6322 /* Base */ = {isa = PBXFileReference; lastKnownFileType = file.storyboard; name = Base; path = Base.lproj/Main.storyboard; sourceTree = "<group>"; };
		A7FE92001C94D9C7009A6322 /* Assets.xcassets */ = {isa = PBXFileReference; lastKnownFileType = folder.assetcatalog; path = Assets.xcassets; sourceTree = "<group>"; };
		A7FE92031C94D9C7009A6322 /* Base */ = {isa = PBXFileReference; lastKnownFileType = file.storyboard; name = Base; path = Base.lproj/LaunchScreen.storyboard; sourceTree = "<group>"; };
		A7FE92051C94D9C7009A6322 /* Info.plist */ = {isa = PBXFileReference; lastKnownFileType = text.plist.xml; path = Info.plist; sourceTree = "<group>"; };
		A7FE920B1C94DA07009A6322 /* Datos.swift */ = {isa = PBXFileReference; fileEncoding = 4; lastKnownFileType = sourcecode.swift; path = Datos.swift; sourceTree = "<group>"; };
		A7FE920D1C978C8E009A6322 /* Colores.swift */ = {isa = PBXFileReference; fileEncoding = 4; lastKnownFileType = sourcecode.swift; name = Colores.swift; path = ../Colores.swift; sourceTree = "<group>"; };
/* End PBXFileReference section */

/* Begin PBXFrameworksBuildPhase section */
		A7FE91F31C94D9C7009A6322 /* Frameworks */ = {
			isa = PBXFrameworksBuildPhase;
			buildActionMask = 2147483647;
			files = (
			);
			runOnlyForDeploymentPostprocessing = 0;
		};
/* End PBXFrameworksBuildPhase section */

/* Begin PBXGroup section */
		A7FE91ED1C94D9C7009A6322 = {
			isa = PBXGroup;
			children = (
				A7FE91F81C94D9C7009A6322 /* HamburguesasEnElMundo */,
				A7FE91F71C94D9C7009A6322 /* Products */,
			);
			sourceTree = "<group>";
		};
		A7FE91F71C94D9C7009A6322 /* Products */ = {
			isa = PBXGroup;
			children = (
				A7FE91F61C94D9C7009A6322 /* HamburguesasEnElMundo.app */,
			);
			name = Products;
			sourceTree = "<group>";
		};
		A7FE91F81C94D9C7009A6322 /* HamburguesasEnElMundo */ = {
			isa = PBXGroup;
			children = (
				A7FE920D1C978C8E009A6322 /* Colores.swift */,
				A7FE91F91C94D9C7009A6322 /* AppDelegate.swift */,
				A7FE91FB1C94D9C7009A6322 /* ViewController.swift */,
				A7FE91FD1C94D9C7009A6322 /* Main.storyboard */,
				A7FE92001C94D9C7009A6322 /* Assets.xcassets */,
				A7FE92021C94D9C7009A6322 /* LaunchScreen.storyboard */,
				A7FE92051C94D9C7009A6322 /* Info.plist */,
				A7FE920B1C94DA07009A6322 /* Datos.swift */,
			);
			path = HamburguesasEnElMundo;
			sourceTree = "<group>";
		};
/* End PBXGroup section */

/* Begin PBXNativeTarget section */
		A7FE91F51C94D9C7009A6322 /* HamburguesasEnElMundo */ = {
			isa = PBXNativeTarget;
			buildConfigurationList = A7FE92081C94D9C7009A6322 /* Build configuration list for PBXNativeTarget "HamburguesasEnElMundo" */;
			buildPhases = (
				A7FE91F21C94D9C7009A6322 /* Sources */,
				A7FE91F31C94D9C7009A6322 /* Frameworks */,
				A7FE91F41C94D9C7009A6322 /* Resources */,
			);
			buildRules = (
			);
			dependencies = (
			);
			name = HamburguesasEnElMundo;
			productName = HamburguesasEnElMundo;
			productReference = A7FE91F61C94D9C7009A6322 /* HamburguesasEnElMundo.app */;
			productType = "com.apple.product-type.application";
		};
/* End PBXNativeTarget section */

/* Begin PBXProject section */
		A7FE91EE1C94D9C7009A6322 /* Project object */ = {
			isa = PBXProject;
			attributes = {
				LastSwiftUpdateCheck = 0720;
				LastUpgradeCheck = 0720;
				ORGANIZATIONNAME = "Esteban Gabriel Arrua Garcia";
				TargetAttributes = {
					A7FE91F51C94D9C7009A6322 = {
						CreatedOnToolsVersion = 7.2.1;
						DevelopmentTeam = 695ZHFBGUE;
					};
				};
			};
			buildConfigurationList = A7FE91F11C94D9C7009A6322 /* Build configuration list for PBXProject "HamburguesasEnElMundo" */;
			compatibilityVersion = "Xcode 3.2";
			developmentRegion = English;
			hasScannedForEncodings = 0;
			knownRegions = (
				en,
				Base,
			);
			mainGroup = A7FE91ED1C94D9C7009A6322;
			productRefGroup = A7FE91F71C94D9C7009A6322 /* Products */;
			projectDirPath = "";
			projectRoot = "";
			targets = (
				A7FE91F51C94D9C7009A6322 /* HamburguesasEnElMundo */,
			);
		};
/* End PBXProject section */

/* Begin PBXResourcesBuildPhase section */
		A7FE91F41C94D9C7009A6322 /* Resources */ = {
			isa = PBXResourcesBuildPhase;
			buildActionMask = 2147483647;
			files = (
				A7FE92041C94D9C7009A6322 /* LaunchScreen.storyboard in Resources */,
				A7FE92011C94D9C7009A6322 /* Assets.xcassets in Resources */,
				A7FE91FF1C94D9C7009A6322 /* Main.storyboard in Resources */,
			);
			runOnlyForDeploymentPostprocessing = 0;
		};
/* End PBXResourcesBuildPhase section */

/* Begin PBXSourcesBuildPhase section */
		A7FE91F21C94D9C7009A6322 /* Sources */ = {
			isa = PBXSourcesBuildPhase;
			buildActionMask = 2147483647;
			files = (
				A7FE91FC1C94D9C7009A6322 /* ViewController.swift in Sources */,
				A7FE91FA1C94D9C7009A6322 /* AppDelegate.swift in Sources */,
				A7FE920C1C94DA07009A6322 /* Datos.swift in Sources */,
				A7FE920E1C978C8E009A6322 /* Colores.swift in Sources */,
			);
			runOnlyForDeploymentPostprocessing = 0;
		};
/* End PBXSourcesBuildPhase section */

/* Begin PBXVariantGroup section */
		A7FE91FD1C94D9C7009A6322 /* Main.storyboard */ = {
			isa = PBXVariantGroup;
			children = (
				A7FE91FE1C94D9C7009A6322 /* Base */,
			);
			name = Main.storyboard;
			sourceTree = "<group>";
		};
		A7FE92021C94D9C7009A6322 /* LaunchScreen.storyboard */ = {
			isa = PBXVariantGroup;
			children = (
				A7FE92031C94D9C7009A6322 /* Base */,
			);
			name = LaunchScreen.storyboard;
			sourceTree = "<group>";
		};
/* End PBXVariantGroup section */

/* Begin XCBuildConfiguration section */
		A7FE92061C94D9C7009A6322 /* Debug */ = {
			isa = XCBuildConfiguration;
			buildSettings = {
				ALWAYS_SEARCH_USER_PATHS = NO;
				CLANG_CXX_LANGUAGE_STANDARD = "gnu++0x";
				CLANG_CXX_LIBRARY = "libc++";
				CLANG_ENABLE_MODULES = YES;
				CLANG_ENABLE_OBJC_ARC = YES;
				CLANG_WARN_BOOL_CONVERSION = YES;
				CLANG_WARN_CONSTANT_CONVERSION = YES;
				CLANG_WARN_DIRECT_OBJC_ISA_USAGE = YES_ERROR;
				CLANG_WARN_EMPTY_BODY = YES;
				CLANG_WARN_ENUM_CONVERSION = YES;
				CLANG_WARN_INT_CONVERSION = YES;
				CLANG_WARN_OBJC_ROOT_CLASS = YES_ERROR;
				CLANG_WARN_UNREACHABLE_CODE = YES;
				CLANG_WARN__DUPLICATE_METHOD_MATCH = YES;
				"CODE_SIGN_IDENTITY[sdk=iphoneos*]" = "iPhone Developer";
				COPY_PHASE_STRIP = NO;
				DEBUG_INFORMATION_FORMAT = dwarf;
				ENABLE_STRICT_OBJC_MSGSEND = YES;
				ENABLE_TESTABILITY = YES;
				GCC_C_LANGUAGE_STANDARD = gnu99;
				GCC_DYNAMIC_NO_PIC = NO;
				GCC_NO_COMMON_BLOCKS = YES;
				GCC_OPTIMIZATION_LEVEL = 0;
				GCC_PREPROCESSOR_DEFINITIONS = (
					"DEBUG=1",
					"$(inherited)",
				);
				GCC_WARN_64_TO_32_BIT_CONVERSION = YES;
				GCC_WARN_ABOUT_RETURN_TYPE = YES_ERROR;
				GCC_WARN_UNDECLARED_SELECTOR = YES;
				GCC_WARN_UNINITIALIZED_AUTOS = YES_AGGRESSIVE;
				GCC_WARN_UNUSED_FUNCTION = YES;
				GCC_WARN_UNUSED_VARIABLE = YES;
				IPHONEOS_DEPLOYMENT_TARGET = 9.2;
				MTL_ENABLE_DEBUG_INFO = YES;
				ONLY_ACTIVE_ARCH = YES;
				SDKROOT = iphoneos;
				SWIFT_OPTIMIZATION_LEVEL = "-Onone";
			};
			name = Debug;
		};
		A7FE92071C94D9C7009A6322 /* Release */ = {
			isa = XCBuildConfiguration;
			buildSettings = {
				ALWAYS_SEARCH_USER_PATHS = NO;
				CLANG_CXX_LANGUAGE_STANDARD = "gnu++0x";
				CLANG_CXX_LIBRARY = "libc++";
				CLANG_ENABLE_MODULES = YES;
				CLANG_ENABLE_OBJC_ARC = YES;
				CLANG_WARN_BOOL_CONVERSION = YES;
				CLANG_WARN_CONSTANT_CONVERSION = YES;
				CLANG_WARN_DIRECT_OBJC_ISA_USAGE = YES_ERROR;
				CLANG_WARN_EMPTY_BODY = YES;
				CLANG_WARN_ENUM_CONVERSION = YES;
				CLANG_WARN_INT_CONVERSION = YES;
				CLANG_WARN_OBJC_ROOT_CLASS = YES_ERROR;
				CLANG_WARN_UNREACHABLE_CODE = YES;
				CLANG_WARN__DUPLICATE_METHOD_MATCH = YES;
				"CODE_SIGN_IDENTITY[sdk=iphoneos*]" = "iPhone Developer";
				COPY_PHASE_STRIP = NO;
				DEBUG_INFORMATION_FORMAT = "dwarf-with-dsym";
				ENABLE_NS_ASSERTIONS = NO;
				ENABLE_STRICT_OBJC_MSGSEND = YES;
				GCC_C_LANGUAGE_STANDARD = gnu99;
				GCC_NO_COMMON_BLOCKS = YES;
				GCC_WARN_64_TO_32_BIT_CONVERSION = YES;
				GCC_WARN_ABOUT_RETURN_TYPE = YES_ERROR;
				GCC_WARN_UNDECLARED_SELECTOR = YES;
				GCC_WARN_UNINITIALIZED_AUTOS = YES_AGGRESSIVE;
				GCC_WARN_UNUSED_FUNCTION = YES;
				GCC_WARN_UNUSED_VARIABLE = YES;
				IPHONEOS_DEPLOYMENT_TARGET = 9.2;
				MTL_ENABLE_DEBUG_INFO = NO;
				SDKROOT = iphoneos;
				VALIDATE_PRODUCT = YES;
			};
			name = Release;
		};
		A7FE92091C94D9C7009A6322 /* Debug */ = {
			isa = XCBuildConfiguration;
			buildSettings = {
				ASSETCATALOG_COMPILER_APPICON_NAME = AppIcon;
				CODE_SIGN_IDENTITY = "iPhone Developer";
				"CODE_SIGN_IDENTITY[sdk=iphoneos*]" = "iPhone Developer";
				INFOPLIST_FILE = HamburguesasEnElMundo/Info.plist;
				LD_RUNPATH_SEARCH_PATHS = "$(inherited) @executable_path/Frameworks";
				PRODUCT_BUNDLE_IDENTIFIER = esteban.HamburguesasEnElMundo;
				PRODUCT_NAME = "$(TARGET_NAME)";
				PROVISIONING_PROFILE = "";
			};
			name = Debug;
		};
		A7FE920A1C94D9C7009A6322 /* Release */ = {
			isa = XCBuildConfiguration;
			buildSettings = {
				ASSETCATALOG_COMPILER_APPICON_NAME = AppIcon;
				CODE_SIGN_IDENTITY = "iPhone Developer";
				"CODE_SIGN_IDENTITY[sdk=iphoneos*]" = "iPhone Developer";
				INFOPLIST_FILE = HamburguesasEnElMundo/Info.plist;
				LD_RUNPATH_SEARCH_PATHS = "$(inherited) @executable_path/Frameworks";
				PRODUCT_BUNDLE_IDENTIFIER = esteban.HamburguesasEnElMundo;
				PRODUCT_NAME = "$(TARGET_NAME)";
				PROVISIONING_PROFILE = "";
			};
			name = Release;
		};
/* End XCBuildConfiguration section */

/* Begin XCConfigurationList section */
		A7FE91F11C94D9C7009A6322 /* Build configuration list for PBXProject "HamburguesasEnElMundo" */ = {
			isa = XCConfigurationList;
			buildConfigurations = (
				A7FE92061C94D9C7009A6322 /* Debug */,
				A7FE92071C94D9C7009A6322 /* Release */,
			);
			defaultConfigurationIsVisible = 0;
			defaultConfigurationName = Release;
		};
		A7FE92081C94D9C7009A6322 /* Build configuration list for PBXNativeTarget "HamburguesasEnElMundo" */ = {
			isa = XCConfigurationList;
			buildConfigurations = (
				A7FE92091C94D9C7009A6322 /* Debug */,
				A7FE920A1C94D9C7009A6322 /* Release */,
			);
			defaultConfigurationIsVisible = 0;
		};
/* End XCConfigurationList section */
	};
	rootObject = A7FE91EE1C94D9C7009A6322 /* Project object */;
}
